
Microsoft Visual Studio Solution File, Format Version 12.00
# Visual Studio Version 17
VisualStudioVersion = 17.10.35027.167
MinimumVisualStudioVersion = 10.0.40219.1
Project("{9A19103F-16F7-4668-BE54-9A1E7A4F7556}") = "Ecommerce.Model", "Ecommerce.Model\Ecommerce.Model.csproj", "{DFC1FA52-05A5-470A-BF18-A25D747834B6}"
EndProject
Project("{9A19103F-16F7-4668-BE54-9A1E7A4F7556}") = "Ecommerce.Repository", "Ecommerce.Repository\Ecommerce.Repository.csproj", "{66CEE768-EA6F-429B-A6F5-82C1341A06E3}"
EndProject
Project("{9A19103F-16F7-4668-BE54-9A1E7A4F7556}") = "Ecommerce.Service", "Ecommerce.Service\Ecommerce.Service.csproj", "{59E3ACE9-E6F5-4D2D-976C-E0D81831774D}"
EndProject
Project("{9A19103F-16F7-4668-BE54-9A1E7A4F7556}") = "Ecommerce.DTO", "Ecommerce.DTO\Ecommerce.DTO.csproj", "{D7975F81-89C3-4C44-8671-C0D7967F6241}"
EndProject
Project("{9A19103F-16F7-4668-BE54-9A1E7A4F7556}") = "Ecommerce.Utilities", "Ecommerce.Utilities\Ecommerce.Utilities.csproj", "{6EEE4EEF-0169-4BCD-9AFE-95E7AF9D7B06}"
EndProject
Project("{9A19103F-16F7-4668-BE54-9A1E7A4F7556}") = "Ecommerce.API", "Ecommerce.API\Ecommerce.API.csproj", "{1EE3CBC8-D308-4FD0-8EE9-DD1BAD633271}"
EndProject
Project("{9A19103F-16F7-4668-BE54-9A1E7A4F7556}") = "Ecommerce.WebAssembly", "Ecommerce.WebAssembly\Ecommerce.WebAssembly.csproj", "{2E207351-7667-4648-8F1B-616FADA5EA4C}"
EndProject
Global
	GlobalSection(SolutionConfigurationPlatforms) = preSolution
		Debug|Any CPU = Debug|Any CPU
		Release|Any CPU = Release|Any CPU
	EndGlobalSection
	GlobalSection(ProjectConfigurationPlatforms) = postSolution
		{DFC1FA52-05A5-470A-BF18-A25D747834B6}.Debug|Any CPU.ActiveCfg = Debug|Any CPU
		{DFC1FA52-05A5-470A-BF18-A25D747834B6}.Debug|Any CPU.Build.0 = Debug|Any CPU
		{DFC1FA52-05A5-470A-BF18-A25D747834B6}.Release|Any CPU.ActiveCfg = Release|Any CPU
		{DFC1FA52-05A5-470A-BF18-A25D747834B6}.Release|Any CPU.Build.0 = Release|Any CPU
		{66CEE768-EA6F-429B-A6F5-82C1341A06E3}.Debug|Any CPU.ActiveCfg = Debug|Any CPU
		{66CEE768-EA6F-429B-A6F5-82C1341A06E3}.Debug|Any CPU.Build.0 = Debug|Any CPU
		{66CEE768-EA6F-429B-A6F5-82C1341A06E3}.Release|Any CPU.ActiveCfg = Release|Any CPU
		{66CEE768-EA6F-429B-A6F5-82C1341A06E3}.Release|Any CPU.Build.0 = Release|Any CPU
		{59E3ACE9-E6F5-4D2D-976C-E0D81831774D}.Debug|Any CPU.ActiveCfg = Debug|Any CPU
		{59E3ACE9-E6F5-4D2D-976C-E0D81831774D}.Debug|Any CPU.Build.0 = Debug|Any CPU
		{59E3ACE9-E6F5-4D2D-976C-E0D81831774D}.Release|Any CPU.ActiveCfg = Release|Any CPU
		{59E3ACE9-E6F5-4D2D-976C-E0D81831774D}.Release|Any CPU.Build.0 = Release|Any CPU
		{D7975F81-89C3-4C44-8671-C0D7967F6241}.Debug|Any CPU.ActiveCfg = Debug|Any CPU
		{D7975F81-89C3-4C44-8671-C0D7967F6241}.Debug|Any CPU.Build.0 = Debug|Any CPU
		{D7975F81-89C3-4C44-8671-C0D7967F6241}.Release|Any CPU.ActiveCfg = Release|Any CPU
		{D7975F81-89C3-4C44-8671-C0D7967F6241}.Release|Any CPU.Build.0 = Release|Any CPU
		{6EEE4EEF-0169-4BCD-9AFE-95E7AF9D7B06}.Debug|Any CPU.ActiveCfg = Debug|Any CPU
		{6EEE4EEF-0169-4BCD-9AFE-95E7AF9D7B06}.Debug|Any CPU.Build.0 = Debug|Any CPU
		{6EEE4EEF-0169-4BCD-9AFE-95E7AF9D7B06}.Release|Any CPU.ActiveCfg = Release|Any CPU
		{6EEE4EEF-0169-4BCD-9AFE-95E7AF9D7B06}.Release|Any CPU.Build.0 = Release|Any CPU
		{1EE3CBC8-D308-4FD0-8EE9-DD1BAD633271}.Debug|Any CPU.ActiveCfg = Debug|Any CPU
		{1EE3CBC8-D308-4FD0-8EE9-DD1BAD633271}.Debug|Any CPU.Build.0 = Debug|Any CPU
		{1EE3CBC8-D308-4FD0-8EE9-DD1BAD633271}.Release|Any CPU.ActiveCfg = Release|Any CPU
		{1EE3CBC8-D308-4FD0-8EE9-DD1BAD633271}.Release|Any CPU.Build.0 = Release|Any CPU
		{2E207351-7667-4648-8F1B-616FADA5EA4C}.Debug|Any CPU.ActiveCfg = Debug|Any CPU
		{2E207351-7667-4648-8F1B-616FADA5EA4C}.Debug|Any CPU.Build.0 = Debug|Any CPU
		{2E207351-7667-4648-8F1B-616FADA5EA4C}.Release|Any CPU.ActiveCfg = Release|Any CPU
		{2E207351-7667-4648-8F1B-616FADA5EA4C}.Release|Any CPU.Build.0 = Release|Any CPU
	EndGlobalSection
	GlobalSection(SolutionProperties) = preSolution
		HideSolutionNode = FALSE
	EndGlobalSection
	GlobalSection(ExtensibilityGlobals) = postSolution
		SolutionGuid = {D966D5AD-2CCB-4BF9-B641-6E05E0C33549}
	EndGlobalSection
EndGlobal
